// !$*UTF8*$!
{
	archiveVersion = 1;
	classes = {
	};
	objectVersion = 50;
	objects = {

/* Begin PBXBuildFile section */
		C73C7444209C902B006FE86A /* AppDelegate.swift in Sources */ = {isa = PBXBuildFile; fileRef = C73C7443209C902B006FE86A /* AppDelegate.swift */; };
		C73C7449209C902B006FE86A /* Main.storyboard in Resources */ = {isa = PBXBuildFile; fileRef = C73C7447209C902B006FE86A /* Main.storyboard */; };
		C73C744B209C902B006FE86A /* Assets.xcassets in Resources */ = {isa = PBXBuildFile; fileRef = C73C744A209C902B006FE86A /* Assets.xcassets */; };
		C73C744E209C902B006FE86A /* LaunchScreen.storyboard in Resources */ = {isa = PBXBuildFile; fileRef = C73C744C209C902B006FE86A /* LaunchScreen.storyboard */; };
		C73C7459209C9063006FE86A /* TransitionAnimator.swift in Sources */ = {isa = PBXBuildFile; fileRef = C73C7455209C9063006FE86A /* TransitionAnimator.swift */; };
		C73C745A209C9063006FE86A /* ViewController.swift in Sources */ = {isa = PBXBuildFile; fileRef = C73C7456209C9063006FE86A /* ViewController.swift */; };
		C73C745B209C9063006FE86A /* TransitionDelegate.swift in Sources */ = {isa = PBXBuildFile; fileRef = C73C7457209C9063006FE86A /* TransitionDelegate.swift */; };
		C73C745C209C9063006FE86A /* CyanViewController.swift in Sources */ = {isa = PBXBuildFile; fileRef = C73C7458209C9063006FE86A /* CyanViewController.swift */; };
/* End PBXBuildFile section */

/* Begin PBXFileReference section */
		C73C7440209C902B006FE86A /* ScaledModalTransitionApp.app */ = {isa = PBXFileReference; explicitFileType = wrapper.application; includeInIndex = 0; path = ScaledModalTransitionApp.app; sourceTree = BUILT_PRODUCTS_DIR; };
		C73C7443209C902B006FE86A /* AppDelegate.swift */ = {isa = PBXFileReference; lastKnownFileType = sourcecode.swift; path = AppDelegate.swift; sourceTree = "<group>"; };
		C73C7448209C902B006FE86A /* Base */ = {isa = PBXFileReference; lastKnownFileType = file.storyboard; name = Base; path = Base.lproj/Main.storyboard; sourceTree = "<group>"; };
		C73C744A209C902B006FE86A /* Assets.xcassets */ = {isa = PBXFileReference; lastKnownFileType = folder.assetcatalog; path = Assets.xcassets; sourceTree = "<group>"; };
		C73C744D209C902B006FE86A /* Base */ = {isa = PBXFileReference; lastKnownFileType = file.storyboard; name = Base; path = Base.lproj/LaunchScreen.storyboard; sourceTree = "<group>"; };
		C73C744F209C902B006FE86A /* Info.plist */ = {isa = PBXFileReference; lastKnownFileType = text.plist.xml; path = Info.plist; sourceTree = "<group>"; };
		C73C7455209C9063006FE86A /* TransitionAnimator.swift */ = {isa = PBXFileReference; fileEncoding = 4; lastKnownFileType = sourcecode.swift; path = TransitionAnimator.swift; sourceTree = "<group>"; };
		C73C7456209C9063006FE86A /* ViewController.swift */ = {isa = PBXFileReference; fileEncoding = 4; lastKnownFileType = sourcecode.swift; path = ViewController.swift; sourceTree = "<group>"; };
		C73C7457209C9063006FE86A /* TransitionDelegate.swift */ = {isa = PBXFileReference; fileEncoding = 4; lastKnownFileType = sourcecode.swift; path = TransitionDelegate.swift; sourceTree = "<group>"; };
		C73C7458209C9063006FE86A /* CyanViewController.swift */ = {isa = PBXFileReference; fileEncoding = 4; lastKnownFileType = sourcecode.swift; path = CyanViewController.swift; sourceTree = "<group>"; };
/* End PBXFileReference section */

/* Begin PBXFrameworksBuildPhase section */
		C73C743D209C902B006FE86A /* Frameworks */ = {
			isa = PBXFrameworksBuildPhase;
			buildActionMask = 2147483647;
			files = (
			);
			runOnlyForDeploymentPostprocessing = 0;
		};
/* End PBXFrameworksBuildPhase section */

/* Begin PBXGroup section */
		C73C7437209C902B006FE86A = {
			isa = PBXGroup;
			children = (
				C73C7442209C902B006FE86A /* ScaledModalTransitionApp */,
				C73C7441209C902B006FE86A /* Products */,
			);
			sourceTree = "<group>";
		};
		C73C7441209C902B006FE86A /* Products */ = {
			isa = PBXGroup;
			children = (
				C73C7440209C902B006FE86A /* ScaledModalTransitionApp.app */,
			);
			name = Products;
			sourceTree = "<group>";
		};
		C73C7442209C902B006FE86A /* ScaledModalTransitionApp */ = {
			isa = PBXGroup;
			children = (
				C73C7443209C902B006FE86A /* AppDelegate.swift */,
				C73C7456209C9063006FE86A /* ViewController.swift */,
				C73C7458209C9063006FE86A /* CyanViewController.swift */,
				C73C7455209C9063006FE86A /* TransitionAnimator.swift */,
				C73C7457209C9063006FE86A /* TransitionDelegate.swift */,
				C73C7447209C902B006FE86A /* Main.storyboard */,
				C73C744A209C902B006FE86A /* Assets.xcassets */,
				C73C744C209C902B006FE86A /* LaunchScreen.storyboard */,
				C73C744F209C902B006FE86A /* Info.plist */,
			);
			path = ScaledModalTransitionApp;
			sourceTree = "<group>";
		};
/* End PBXGroup section */

/* Begin PBXNativeTarget section */
		C73C743F209C902B006FE86A /* ScaledModalTransitionApp */ = {
			isa = PBXNativeTarget;
			buildConfigurationList = C73C7452209C902B006FE86A /* Build configuration list for PBXNativeTarget "ScaledModalTransitionApp" */;
			buildPhases = (
				C73C743C209C902B006FE86A /* Sources */,
				C73C743D209C902B006FE86A /* Frameworks */,
				C73C743E209C902B006FE86A /* Resources */,
			);
			buildRules = (
			);
			dependencies = (
			);
			name = ScaledModalTransitionApp;
			productName = ScaledModalTransitionApp;
			productReference = C73C7440209C902B006FE86A /* ScaledModalTransitionApp.app */;
			productType = "com.apple.product-type.application";
		};
/* End PBXNativeTarget section */

/* Begin PBXProject section */
		C73C7438209C902B006FE86A /* Project object */ = {
			isa = PBXProject;
			attributes = {
				LastSwiftUpdateCheck = 0930;
				LastUpgradeCheck = 0930;
				ORGANIZATIONNAME = "Imanou Petit";
				TargetAttributes = {
					C73C743F209C902B006FE86A = {
						CreatedOnToolsVersion = 9.3;
					};
				};
			};
			buildConfigurationList = C73C743B209C902B006FE86A /* Build configuration list for PBXProject "ScaledModalTransitionApp" */;
			compatibilityVersion = "Xcode 9.3";
			developmentRegion = en;
			hasScannedForEncodings = 0;
			knownRegions = (
				en,
				Base,
			);
			mainGroup = C73C7437209C902B006FE86A;
			productRefGroup = C73C7441209C902B006FE86A /* Products */;
			projectDirPath = "";
			projectRoot = "";
			targets = (
				C73C743F209C902B006FE86A /* ScaledModalTransitionApp */,
			);
		};
/* End PBXProject section */

/* Begin PBXResourcesBuildPhase section */
		C73C743E209C902B006FE86A /* Resources */ = {
			isa = PBXResourcesBuildPhase;
			buildActionMask = 2147483647;
			files = (
				C73C744E209C902B006FE86A /* LaunchScreen.storyboard in Resources */,
				C73C744B209C902B006FE86A /* Assets.xcassets in Resources */,
				C73C7449209C902B006FE86A /* Main.storyboard in Resources */,
			);
			runOnlyForDeploymentPostprocessing = 0;
		};
/* End PBXResourcesBuildPhase section */

/* Begin PBXSourcesBuildPhase section */
		C73C743C209C902B006FE86A /* Sources */ = {
			isa = PBXSourcesBuildPhase;
			buildActionMask = 2147483647;
			files = (
				C73C7444209C902B006FE86A /* AppDelegate.swift in Sources */,
				C73C745B209C9063006FE86A /* TransitionDelegate.swift in Sources */,
				C73C7459209C9063006FE86A /* TransitionAnimator.swift in Sources */,
				C73C745A209C9063006FE86A /* ViewController.swift in Sources */,
				C73C745C209C9063006FE86A /* CyanViewController.swift in Sources */,
			);
			runOnlyForDeploymentPostprocessing = 0;
		};
/* End PBXSourcesBuildPhase section */

/* Begin PBXVariantGroup section */
		C73C7447209C902B006FE86A /* Main.storyboard */ = {
			isa = PBXVariantGroup;
			children = (
				C73C7448209C902B006FE86A /* Base */,
			);
			name = Main.storyboard;
			sourceTree = "<group>";
		};
		C73C744C209C902B006FE86A /* LaunchScreen.storyboard */ = {
			isa = PBXVariantGroup;
			children = (
				C73C744D209C902B006FE86A /* Base */,
			);
			name = LaunchScreen.storyboard;
			sourceTree = "<group>";
		};
/* End PBXVariantGroup section */

/* Begin XCBuildConfiguration section */
		C73C7450209C902B006FE86A /* Debug */ = {
			isa = XCBuildConfiguration;
			buildSettings = {
				ALWAYS_SEARCH_USER_PATHS = NO;
				CLANG_ANALYZER_NONNULL = YES;
				CLANG_ANALYZER_NUMBER_OBJECT_CONVERSION = YES_AGGRESSIVE;
				CLANG_CXX_LANGUAGE_STANDARD = "gnu++14";
				CLANG_CXX_LIBRARY = "libc++";
				CLANG_ENABLE_MODULES = YES;
				CLANG_ENABLE_OBJC_ARC = YES;
				CLANG_ENABLE_OBJC_WEAK = YES;
				CLANG_WARN_BLOCK_CAPTURE_AUTORELEASING = YES;
				CLANG_WARN_BOOL_CONVERSION = YES;
				CLANG_WARN_COMMA = YES;
				CLANG_WARN_CONSTANT_CONVERSION = YES;
				CLANG_WARN_DEPRECATED_OBJC_IMPLEMENTATIONS = YES;
				CLANG_WARN_DIRECT_OBJC_ISA_USAGE = YES_ERROR;
				CLANG_WARN_DOCUMENTATION_COMMENTS = YES;
				CLANG_WARN_EMPTY_BODY = YES;
				CLANG_WARN_ENUM_CONVERSION = YES;
				CLANG_WARN_INFINITE_RECURSION = YES;
				CLANG_WARN_INT_CONVERSION = YES;
				CLANG_WARN_NON_LITERAL_NULL_CONVERSION = YES;
				CLANG_WARN_OBJC_IMPLICIT_RETAIN_SELF = YES;
				CLANG_WARN_OBJC_LITERAL_CONVERSION = YES;
				CLANG_WARN_OBJC_ROOT_CLASS = YES_ERROR;
				CLANG_WARN_RANGE_LOOP_ANALYSIS = YES;
				CLANG_WARN_STRICT_PROTOTYPES = YES;
				CLANG_WARN_SUSPICIOUS_MOVE = YES;
				CLANG_WARN_UNGUARDED_AVAILABILITY = YES_AGGRESSIVE;
				CLANG_WARN_UNREACHABLE_CODE = YES;
				CLANG_WARN__DUPLICATE_METHOD_MATCH = YES;
				CODE_SIGN_IDENTITY = "iPhone Developer";
				COPY_PHASE_STRIP = NO;
				DEBUG_INFORMATION_FORMAT = dwarf;
				ENABLE_STRICT_OBJC_MSGSEND = YES;
				ENABLE_TESTABILITY = YES;
				GCC_C_LANGUAGE_STANDARD = gnu11;
				GCC_DYNAMIC_NO_PIC = NO;
				GCC_NO_COMMON_BLOCKS = YES;
				GCC_OPTIMIZATION_LEVEL = 0;
				GCC_PREPROCESSOR_DEFINITIONS = (
					"DEBUG=1",
					"$(inherited)",
				);
				GCC_WARN_64_TO_32_BIT_CONVERSION = YES;
				GCC_WARN_ABOUT_RETURN_TYPE = YES_ERROR;
				GCC_WARN_UNDECLARED_SELECTOR = YES;
				GCC_WARN_UNINITIALIZED_AUTOS = YES_AGGRESSIVE;
				GCC_WARN_UNUSED_FUNCTION = YES;
				GCC_WARN_UNUSED_VARIABLE = YES;
				IPHONEOS_DEPLOYMENT_TARGET = 11.3;
				MTL_ENABLE_DEBUG_INFO = YES;
				ONLY_ACTIVE_ARCH = YES;
				SDKROOT = iphoneos;
				SWIFT_ACTIVE_COMPILATION_CONDITIONS = DEBUG;
				SWIFT_OPTIMIZATION_LEVEL = "-Onone";
			};
			name = Debug;
		};
		C73C7451209C902B006FE86A /* Release */ = {
			isa = XCBuildConfiguration;
			buildSettings = {
				ALWAYS_SEARCH_USER_PATHS = NO;
				CLANG_ANALYZER_NONNULL = YES;
				CLANG_ANALYZER_NUMBER_OBJECT_CONVERSION = YES_AGGRESSIVE;
				CLANG_CXX_LANGUAGE_STANDARD = "gnu++14";
				CLANG_CXX_LIBRARY = "libc++";
				CLANG_ENABLE_MODULES = YES;
				CLANG_ENABLE_OBJC_ARC = YES;
				CLANG_ENABLE_OBJC_WEAK = YES;
				CLANG_WARN_BLOCK_CAPTURE_AUTORELEASING = YES;
				CLANG_WARN_BOOL_CONVERSION = YES;
				CLANG_WARN_COMMA = YES;
				CLANG_WARN_CONSTANT_CONVERSION = YES;
				CLANG_WARN_DEPRECATED_OBJC_IMPLEMENTATIONS = YES;
				CLANG_WARN_DIRECT_OBJC_ISA_USAGE = YES_ERROR;
				CLANG_WARN_DOCUMENTATION_COMMENTS = YES;
				CLANG_WARN_EMPTY_BODY = YES;
				CLANG_WARN_ENUM_CONVERSION = YES;
				CLANG_WARN_INFINITE_RECURSION = YES;
				CLANG_WARN_INT_CONVERSION = YES;
				CLANG_WARN_NON_LITERAL_NULL_CONVERSION = YES;
				CLANG_WARN_OBJC_IMPLICIT_RETAIN_SELF = YES;
				CLANG_WARN_OBJC_LITERAL_CONVERSION = YES;
				CLANG_WARN_OBJC_ROOT_CLASS = YES_ERROR;
				CLANG_WARN_RANGE_LOOP_ANALYSIS = YES;
				CLANG_WARN_STRICT_PROTOTYPES = YES;
				CLANG_WARN_SUSPICIOUS_MOVE = YES;
				CLANG_WARN_UNGUARDED_AVAILABILITY = YES_AGGRESSIVE;
				CLANG_WARN_UNREACHABLE_CODE = YES;
				CLANG_WARN__DUPLICATE_METHOD_MATCH = YES;
				CODE_SIGN_IDENTITY = "iPhone Developer";
				COPY_PHASE_STRIP = NO;
				DEBUG_INFORMATION_FORMAT = "dwarf-with-dsym";
				ENABLE_NS_ASSERTIONS = NO;
				ENABLE_STRICT_OBJC_MSGSEND = YES;
				GCC_C_LANGUAGE_STANDARD = gnu11;
				GCC_NO_COMMON_BLOCKS = YES;
				GCC_WARN_64_TO_32_BIT_CONVERSION = YES;
				GCC_WARN_ABOUT_RETURN_TYPE = YES_ERROR;
				GCC_WARN_UNDECLARED_SELECTOR = YES;
				GCC_WARN_UNINITIALIZED_AUTOS = YES_AGGRESSIVE;
				GCC_WARN_UNUSED_FUNCTION = YES;
				GCC_WARN_UNUSED_VARIABLE = YES;
				IPHONEOS_DEPLOYMENT_TARGET = 11.3;
				MTL_ENABLE_DEBUG_INFO = NO;
				SDKROOT = iphoneos;
				SWIFT_COMPILATION_MODE = wholemodule;
				SWIFT_OPTIMIZATION_LEVEL = "-O";
				VALIDATE_PRODUCT = YES;
			};
			name = Release;
		};
		C73C7453209C902B006FE86A /* Debug */ = {
			isa = XCBuildConfiguration;
			buildSettings = {
				ASSETCATALOG_COMPILER_APPICON_NAME = AppIcon;
				CODE_SIGN_STYLE = Automatic;
				DEVELOPMENT_TEAM = 67ZL68PX9A;
				INFOPLIST_FILE = ScaledModalTransitionApp/Info.plist;
				LD_RUNPATH_SEARCH_PATHS = (
					"$(inherited)",
					"@executable_path/Frameworks",
				);
				PRODUCT_BUNDLE_IDENTIFIER = com.imanoupetit.ScaledModalTransitionApp;
				PRODUCT_NAME = "$(TARGET_NAME)";
				SWIFT_VERSION = 4.0;
				TARGETED_DEVICE_FAMILY = "1,2";
			};
			name = Debug;
		};
		C73C7454209C902B006FE86A /* Release */ = {
			isa = XCBuildConfiguration;
			buildSettings = {
				ASSETCATALOG_COMPILER_APPICON_NAME = AppIcon;
				CODE_SIGN_STYLE = Automatic;
				DEVELOPMENT_TEAM = 67ZL68PX9A;
				INFOPLIST_FILE = ScaledModalTransitionApp/Info.plist;
				LD_RUNPATH_SEARCH_PATHS = (
					"$(inherited)",
					"@executable_path/Frameworks",
				);
				PRODUCT_BUNDLE_IDENTIFIER = com.imanoupetit.ScaledModalTransitionApp;
				PRODUCT_NAME = "$(TARGET_NAME)";
				SWIFT_VERSION = 4.0;
				TARGETED_DEVICE_FAMILY = "1,2";
			};
			name = Release;
		};
/* End XCBuildConfiguration section */

/* Begin XCConfigurationList section */
		C73C743B209C902B006FE86A /* Build configuration list for PBXProject "ScaledModalTransitionApp" */ = {
			isa = XCConfigurationList;
			buildConfigurations = (
				C73C7450209C902B006FE86A /* Debug */,
				C73C7451209C902B006FE86A /* Release */,
			);
			defaultConfigurationIsVisible = 0;
			defaultConfigurationName = Release;
		};
		C73C7452209C902B006FE86A /* Build configuration list for PBXNativeTarget "ScaledModalTransitionApp" */ = {
			isa = XCConfigurationList;
			buildConfigurations = (
				C73C7453209C902B006FE86A /* Debug */,
				C73C7454209C902B006FE86A /* Release */,
			);
			defaultConfigurationIsVisible = 0;
			defaultConfigurationName = Release;
		};
/* End XCConfigurationList section */
	};
	rootObject = C73C7438209C902B006FE86A /* Project object */;
}
